
Microsoft Visual Studio Solution File, Format Version 12.00
# Visual Studio Version 17
VisualStudioVersion = 17.8.34316.72
MinimumVisualStudioVersion = 10.0.40219.1
Project("{FAE04EC0-301F-11D3-BF4B-00C04F79EFBC}") = "EmbeddedApiDemo", "EmbeddedApiDemo.csproj", "{FF881064-77F4-4116-8EA8-1E5FD8CDBEEC}"
EndProject
Global
	GlobalSection(SolutionConfigurationPlatforms) = preSolution
		Debug|Any CPU = Debug|Any CPU
		Release|Any CPU = Release|Any CPU
	EndGlobalSection
	GlobalSection(ProjectConfigurationPlatforms) = postSolution
		{FF881064-77F4-4116-8EA8-1E5FD8CDBEEC}.Debug|Any CPU.ActiveCfg = Debug|Any CPU
		{FF881064-77F4-4116-8EA8-1E5FD8CDBEEC}.Debug|Any CPU.Build.0 = Debug|Any CPU
		{FF881064-77F4-4116-8EA8-1E5FD8CDBEEC}.Release|Any CPU.ActiveCfg = Release|Any CPU
		{FF881064-77F4-4116-8EA8-1E5FD8CDBEEC}.Release|Any CPU.Build.0 = Release|Any CPU
	EndGlobalSection
	GlobalSection(SolutionProperties) = preSolution
		HideSolutionNode = FALSE
	EndGlobalSection
	GlobalSection(ExtensibilityGlobals) = postSolution
		SolutionGuid = {E7EDC2EE-292F-4A1C-B328-69729C378DF2}
	EndGlobalSection
EndGlobal
